
Microsoft Visual Studio Solution File, Format Version 12.00
# Visual Studio 15
VisualStudioVersion = 15.0.28307.271
MinimumVisualStudioVersion = 10.0.40219.1
Project("{F184B08F-C81C-45F6-A57F-5ABD9991F28F}") = "TextFilesProject", "TextFilesProject\TextFilesProject.vbproj", "{02FB03E3-A48B-4624-BE4A-A04D09F98C03}"
EndProject
Global
	GlobalSection(SolutionConfigurationPlatforms) = preSolution
		Debug|Any CPU = Debug|Any CPU
		Release|Any CPU = Release|Any CPU
	EndGlobalSection
	GlobalSection(ProjectConfigurationPlatforms) = postSolution
		{02FB03E3-A48B-4624-BE4A-A04D09F98C03}.Debug|Any CPU.ActiveCfg = Debug|Any CPU
		{02FB03E3-A48B-4624-BE4A-A04D09F98C03}.Debug|Any CPU.Build.0 = Debug|Any CPU
		{02FB03E3-A48B-4624-BE4A-A04D09F98C03}.Release|Any CPU.ActiveCfg = Release|Any CPU
		{02FB03E3-A48B-4624-BE4A-A04D09F98C03}.Release|Any CPU.Build.0 = Release|Any CPU
	EndGlobalSection
	GlobalSection(SolutionProperties) = preSolution
		HideSolutionNode = FALSE
	EndGlobalSection
	GlobalSection(ExtensibilityGlobals) = postSolution
		SolutionGuid = {32BE5A98-6548-4EB2-94EE-46C9BAFE6E14}
	EndGlobalSection
EndGlobal
